
Microsoft Visual Studio Solution File, Format Version 12.00
# Visual Studio Version 17
VisualStudioVersion = 17.0.32014.148
MinimumVisualStudioVersion = 10.0.40219.1
Project("{FAE04EC0-301F-11D3-BF4B-00C04F79EFBC}") = "MyApp.Android", "MyApp\MyApp.Android\MyApp.Android.csproj", "{C5CF32EF-84C2-4246-AA99-DDDD79A4487B}"
EndProject
Project("{FAE04EC0-301F-11D3-BF4B-00C04F79EFBC}") = "MyApp.iOS", "MyApp\MyApp.iOS\MyApp.iOS.csproj", "{D80DDB58-7D5D-42B5-9E5F-81BBF50128FD}"
EndProject
Project("{FAE04EC0-301F-11D3-BF4B-00C04F79EFBC}") = "MyApp", "MyApp\MyApp\MyApp.csproj", "{8A924C1E-A517-4DBE-805F-537A348B5889}"
EndProject
Global
	GlobalSection(SolutionConfigurationPlatforms) = preSolution
		Debug|Any CPU = Debug|Any CPU
		Debug|iPhone = Debug|iPhone
		Debug|iPhoneSimulator = Debug|iPhoneSimulator
		Release|Any CPU = Release|Any CPU
		Release|iPhone = Release|iPhone
		Release|iPhoneSimulator = Release|iPhoneSimulator
	EndGlobalSection
	GlobalSection(ProjectConfigurationPlatforms) = postSolution
		{C5CF32EF-84C2-4246-AA99-DDDD79A4487B}.Debug|Any CPU.ActiveCfg = Debug|Any CPU
		{C5CF32EF-84C2-4246-AA99-DDDD79A4487B}.Debug|Any CPU.Build.0 = Debug|Any CPU
		{C5CF32EF-84C2-4246-AA99-DDDD79A4487B}.Debug|Any CPU.Deploy.0 = Debug|Any CPU
		{C5CF32EF-84C2-4246-AA99-DDDD79A4487B}.Debug|iPhone.ActiveCfg = Debug|Any CPU
		{C5CF32EF-84C2-4246-AA99-DDDD79A4487B}.Debug|iPhone.Build.0 = Debug|Any CPU
		{C5CF32EF-84C2-4246-AA99-DDDD79A4487B}.Debug|iPhone.Deploy.0 = Debug|Any CPU
		{C5CF32EF-84C2-4246-AA99-DDDD79A4487B}.Debug|iPhoneSimulator.ActiveCfg = Debug|Any CPU
		{C5CF32EF-84C2-4246-AA99-DDDD79A4487B}.Debug|iPhoneSimulator.Build.0 = Debug|Any CPU
		{C5CF32EF-84C2-4246-AA99-DDDD79A4487B}.Debug|iPhoneSimulator.Deploy.0 = Debug|Any CPU
		{C5CF32EF-84C2-4246-AA99-DDDD79A4487B}.Release|Any CPU.ActiveCfg = Release|Any CPU
		{C5CF32EF-84C2-4246-AA99-DDDD79A4487B}.Release|Any CPU.Build.0 = Release|Any CPU
		{C5CF32EF-84C2-4246-AA99-DDDD79A4487B}.Release|Any CPU.Deploy.0 = Release|Any CPU
		{C5CF32EF-84C2-4246-AA99-DDDD79A4487B}.Release|iPhone.ActiveCfg = Release|Any CPU
		{C5CF32EF-84C2-4246-AA99-DDDD79A4487B}.Release|iPhone.Build.0 = Release|Any CPU
		{C5CF32EF-84C2-4246-AA99-DDDD79A4487B}.Release|iPhone.Deploy.0 = Release|Any CPU
		{C5CF32EF-84C2-4246-AA99-DDDD79A4487B}.Release|iPhoneSimulator.ActiveCfg = Release|Any CPU
		{C5CF32EF-84C2-4246-AA99-DDDD79A4487B}.Release|iPhoneSimulator.Build.0 = Release|Any CPU
		{C5CF32EF-84C2-4246-AA99-DDDD79A4487B}.Release|iPhoneSimulator.Deploy.0 = Release|Any CPU
		{D80DDB58-7D5D-42B5-9E5F-81BBF50128FD}.Debug|Any CPU.ActiveCfg = Debug|iPhoneSimulator
		{D80DDB58-7D5D-42B5-9E5F-81BBF50128FD}.Debug|Any CPU.Build.0 = Debug|iPhoneSimulator
		{D80DDB58-7D5D-42B5-9E5F-81BBF50128FD}.Debug|iPhone.ActiveCfg = Debug|iPhone
		{D80DDB58-7D5D-42B5-9E5F-81BBF50128FD}.Debug|iPhone.Build.0 = Debug|iPhone
		{D80DDB58-7D5D-42B5-9E5F-81BBF50128FD}.Debug|iPhoneSimulator.ActiveCfg = Debug|iPhoneSimulator
		{D80DDB58-7D5D-42B5-9E5F-81BBF50128FD}.Debug|iPhoneSimulator.Build.0 = Debug|iPhoneSimulator
		{D80DDB58-7D5D-42B5-9E5F-81BBF50128FD}.Release|Any CPU.ActiveCfg = Release|iPhoneSimulator
		{D80DDB58-7D5D-42B5-9E5F-81BBF50128FD}.Release|Any CPU.Build.0 = Release|iPhoneSimulator
		{D80DDB58-7D5D-42B5-9E5F-81BBF50128FD}.Release|iPhone.ActiveCfg = Release|iPhone
		{D80DDB58-7D5D-42B5-9E5F-81BBF50128FD}.Release|iPhone.Build.0 = Release|iPhone
		{D80DDB58-7D5D-42B5-9E5F-81BBF50128FD}.Release|iPhoneSimulator.ActiveCfg = Release|iPhoneSimulator
		{D80DDB58-7D5D-42B5-9E5F-81BBF50128FD}.Release|iPhoneSimulator.Build.0 = Release|iPhoneSimulator
		{8A924C1E-A517-4DBE-805F-537A348B5889}.Debug|Any CPU.ActiveCfg = Debug|Any CPU
		{8A924C1E-A517-4DBE-805F-537A348B5889}.Debug|Any CPU.Build.0 = Debug|Any CPU
		{8A924C1E-A517-4DBE-805F-537A348B5889}.Debug|iPhone.ActiveCfg = Debug|Any CPU
		{8A924C1E-A517-4DBE-805F-537A348B5889}.Debug|iPhone.Build.0 = Debug|Any CPU
		{8A924C1E-A517-4DBE-805F-537A348B5889}.Debug|iPhoneSimulator.ActiveCfg = Debug|Any CPU
		{8A924C1E-A517-4DBE-805F-537A348B5889}.Debug|iPhoneSimulator.Build.0 = Debug|Any CPU
		{8A924C1E-A517-4DBE-805F-537A348B5889}.Release|Any CPU.ActiveCfg = Release|Any CPU
		{8A924C1E-A517-4DBE-805F-537A348B5889}.Release|Any CPU.Build.0 = Release|Any CPU
		{8A924C1E-A517-4DBE-805F-537A348B5889}.Release|iPhone.ActiveCfg = Release|Any CPU
		{8A924C1E-A517-4DBE-805F-537A348B5889}.Release|iPhone.Build.0 = Release|Any CPU
		{8A924C1E-A517-4DBE-805F-537A348B5889}.Release|iPhoneSimulator.ActiveCfg = Release|Any CPU
		{8A924C1E-A517-4DBE-805F-537A348B5889}.Release|iPhoneSimulator.Build.0 = Release|Any CPU
	EndGlobalSection
	GlobalSection(SolutionProperties) = preSolution
		HideSolutionNode = FALSE
	EndGlobalSection
	GlobalSection(ExtensibilityGlobals) = postSolution
		SolutionGuid = {E320B1C1-0136-447C-8493-B632D4B0EEC5}
	EndGlobalSection
EndGlobal
